
Microsoft Visual Studio Solution File, Format Version 12.00
Project("{FAE04EC0-301F-11D3-BF4B-00C04F79EFBC}") = "Courses", "Courses\Courses.csproj", "{74C4E6E9-73CC-44C0-9D80-A6BD8B650005}"
EndProject
Project("{FAE04EC0-301F-11D3-BF4B-00C04F79EFBC}") = "Application", "Application\Application.csproj", "{A2786B64-0045-49CB-856A-55DDF669A09C}"
EndProject
Project("{FAE04EC0-301F-11D3-BF4B-00C04F79EFBC}") = "Domain", "Domain\Domain.csproj", "{34053BED-71B1-4FC5-8DEE-18663B96C7A7}"
EndProject
Project("{FAE04EC0-301F-11D3-BF4B-00C04F79EFBC}") = "Infrastructure", "Infrastructure\Infrastructure.csproj", "{C18BB14D-C6F3-49E9-AE8C-800ABF771C78}"
EndProject
Global
	GlobalSection(SolutionConfigurationPlatforms) = preSolution
		Debug|Any CPU = Debug|Any CPU
		Debug|x64 = Debug|x64
		Debug|x86 = Debug|x86
		Release|Any CPU = Release|Any CPU
		Release|x64 = Release|x64
		Release|x86 = Release|x86
	EndGlobalSection
	GlobalSection(ProjectConfigurationPlatforms) = postSolution
		{74C4E6E9-73CC-44C0-9D80-A6BD8B650005}.Debug|Any CPU.ActiveCfg = Debug|Any CPU
		{74C4E6E9-73CC-44C0-9D80-A6BD8B650005}.Debug|Any CPU.Build.0 = Debug|Any CPU
		{74C4E6E9-73CC-44C0-9D80-A6BD8B650005}.Debug|x64.ActiveCfg = Debug|Any CPU
		{74C4E6E9-73CC-44C0-9D80-A6BD8B650005}.Debug|x64.Build.0 = Debug|Any CPU
		{74C4E6E9-73CC-44C0-9D80-A6BD8B650005}.Debug|x86.ActiveCfg = Debug|Any CPU
		{74C4E6E9-73CC-44C0-9D80-A6BD8B650005}.Debug|x86.Build.0 = Debug|Any CPU
		{74C4E6E9-73CC-44C0-9D80-A6BD8B650005}.Release|Any CPU.ActiveCfg = Release|Any CPU
		{74C4E6E9-73CC-44C0-9D80-A6BD8B650005}.Release|Any CPU.Build.0 = Release|Any CPU
		{74C4E6E9-73CC-44C0-9D80-A6BD8B650005}.Release|x64.ActiveCfg = Release|Any CPU
		{74C4E6E9-73CC-44C0-9D80-A6BD8B650005}.Release|x64.Build.0 = Release|Any CPU
		{74C4E6E9-73CC-44C0-9D80-A6BD8B650005}.Release|x86.ActiveCfg = Release|Any CPU
		{74C4E6E9-73CC-44C0-9D80-A6BD8B650005}.Release|x86.Build.0 = Release|Any CPU
		{A2786B64-0045-49CB-856A-55DDF669A09C}.Debug|Any CPU.ActiveCfg = Debug|Any CPU
		{A2786B64-0045-49CB-856A-55DDF669A09C}.Debug|Any CPU.Build.0 = Debug|Any CPU
		{A2786B64-0045-49CB-856A-55DDF669A09C}.Debug|x64.ActiveCfg = Debug|Any CPU
		{A2786B64-0045-49CB-856A-55DDF669A09C}.Debug|x64.Build.0 = Debug|Any CPU
		{A2786B64-0045-49CB-856A-55DDF669A09C}.Debug|x86.ActiveCfg = Debug|Any CPU
		{A2786B64-0045-49CB-856A-55DDF669A09C}.Debug|x86.Build.0 = Debug|Any CPU
		{A2786B64-0045-49CB-856A-55DDF669A09C}.Release|Any CPU.ActiveCfg = Release|Any CPU
		{A2786B64-0045-49CB-856A-55DDF669A09C}.Release|Any CPU.Build.0 = Release|Any CPU
		{A2786B64-0045-49CB-856A-55DDF669A09C}.Release|x64.ActiveCfg = Release|Any CPU
		{A2786B64-0045-49CB-856A-55DDF669A09C}.Release|x64.Build.0 = Release|Any CPU
		{A2786B64-0045-49CB-856A-55DDF669A09C}.Release|x86.ActiveCfg = Release|Any CPU
		{A2786B64-0045-49CB-856A-55DDF669A09C}.Release|x86.Build.0 = Release|Any CPU
		{34053BED-71B1-4FC5-8DEE-18663B96C7A7}.Debug|Any CPU.ActiveCfg = Debug|Any CPU
		{34053BED-71B1-4FC5-8DEE-18663B96C7A7}.Debug|Any CPU.Build.0 = Debug|Any CPU
		{34053BED-71B1-4FC5-8DEE-18663B96C7A7}.Debug|x64.ActiveCfg = Debug|Any CPU
		{34053BED-71B1-4FC5-8DEE-18663B96C7A7}.Debug|x64.Build.0 = Debug|Any CPU
		{34053BED-71B1-4FC5-8DEE-18663B96C7A7}.Debug|x86.ActiveCfg = Debug|Any CPU
		{34053BED-71B1-4FC5-8DEE-18663B96C7A7}.Debug|x86.Build.0 = Debug|Any CPU
		{34053BED-71B1-4FC5-8DEE-18663B96C7A7}.Release|Any CPU.ActiveCfg = Release|Any CPU
		{34053BED-71B1-4FC5-8DEE-18663B96C7A7}.Release|Any CPU.Build.0 = Release|Any CPU
		{34053BED-71B1-4FC5-8DEE-18663B96C7A7}.Release|x64.ActiveCfg = Release|Any CPU
		{34053BED-71B1-4FC5-8DEE-18663B96C7A7}.Release|x64.Build.0 = Release|Any CPU
		{34053BED-71B1-4FC5-8DEE-18663B96C7A7}.Release|x86.ActiveCfg = Release|Any CPU
		{34053BED-71B1-4FC5-8DEE-18663B96C7A7}.Release|x86.Build.0 = Release|Any CPU
		{C18BB14D-C6F3-49E9-AE8C-800ABF771C78}.Debug|Any CPU.ActiveCfg = Debug|Any CPU
		{C18BB14D-C6F3-49E9-AE8C-800ABF771C78}.Debug|Any CPU.Build.0 = Debug|Any CPU
		{C18BB14D-C6F3-49E9-AE8C-800ABF771C78}.Debug|x64.ActiveCfg = Debug|Any CPU
		{C18BB14D-C6F3-49E9-AE8C-800ABF771C78}.Debug|x64.Build.0 = Debug|Any CPU
		{C18BB14D-C6F3-49E9-AE8C-800ABF771C78}.Debug|x86.ActiveCfg = Debug|Any CPU
		{C18BB14D-C6F3-49E9-AE8C-800ABF771C78}.Debug|x86.Build.0 = Debug|Any CPU
		{C18BB14D-C6F3-49E9-AE8C-800ABF771C78}.Release|Any CPU.ActiveCfg = Release|Any CPU
		{C18BB14D-C6F3-49E9-AE8C-800ABF771C78}.Release|Any CPU.Build.0 = Release|Any CPU
		{C18BB14D-C6F3-49E9-AE8C-800ABF771C78}.Release|x64.ActiveCfg = Release|Any CPU
		{C18BB14D-C6F3-49E9-AE8C-800ABF771C78}.Release|x64.Build.0 = Release|Any CPU
		{C18BB14D-C6F3-49E9-AE8C-800ABF771C78}.Release|x86.ActiveCfg = Release|Any CPU
		{C18BB14D-C6F3-49E9-AE8C-800ABF771C78}.Release|x86.Build.0 = Release|Any CPU
	EndGlobalSection
	GlobalSection(SolutionProperties) = preSolution
		HideSolutionNode = FALSE
	EndGlobalSection
EndGlobal
